// !$*UTF8*$!
{
	archiveVersion = 1;
	classes = {
	};
	objectVersion = 51;
	objects = {

/* Begin PBXBuildFile section */
		8780635C249B055D0005306C /* SignUpViewController.swift in Sources */ = {isa = PBXBuildFile; fileRef = 8780635B249B055D0005306C /* SignUpViewController.swift */; };
		8780635E249B058C0005306C /* LoginViewController.swift in Sources */ = {isa = PBXBuildFile; fileRef = 8780635D249B058C0005306C /* LoginViewController.swift */; };
		87806360249B05BA0005306C /* HomeViewController.swift in Sources */ = {isa = PBXBuildFile; fileRef = 8780635F249B05BA0005306C /* HomeViewController.swift */; };
		87806365249B1C580005306C /* Utilities.swift in Sources */ = {isa = PBXBuildFile; fileRef = 87806364249B1C580005306C /* Utilities.swift */; };
		87806368249BB3A50005306C /* ValidationUtilities.swift in Sources */ = {isa = PBXBuildFile; fileRef = 87806367249BB3A50005306C /* ValidationUtilities.swift */; };
		8780636A249C5C650005306C /* GoogleService-Info.plist in Resources */ = {isa = PBXBuildFile; fileRef = 87806369249C5C650005306C /* GoogleService-Info.plist */; };
		87BB6A422497086500B20CF4 /* AppDelegate.swift in Sources */ = {isa = PBXBuildFile; fileRef = 87BB6A412497086500B20CF4 /* AppDelegate.swift */; };
		87BB6A442497086500B20CF4 /* SceneDelegate.swift in Sources */ = {isa = PBXBuildFile; fileRef = 87BB6A432497086500B20CF4 /* SceneDelegate.swift */; };
		87BB6A462497086500B20CF4 /* ViewController.swift in Sources */ = {isa = PBXBuildFile; fileRef = 87BB6A452497086500B20CF4 /* ViewController.swift */; };
		87BB6A492497086500B20CF4 /* Main.storyboard in Resources */ = {isa = PBXBuildFile; fileRef = 87BB6A472497086500B20CF4 /* Main.storyboard */; };
		87BB6A4E2497086900B20CF4 /* LaunchScreen.storyboard in Resources */ = {isa = PBXBuildFile; fileRef = 87BB6A4C2497086900B20CF4 /* LaunchScreen.storyboard */; };
		87BB6A5A24971ABC00B20CF4 /* Assets.xcassets in Resources */ = {isa = PBXBuildFile; fileRef = 87BB6A5924971ABB00B20CF4 /* Assets.xcassets */; };
		A2C3C88E7EE6ADC388DE2215 /* Pods_Best_Buds.framework in Frameworks */ = {isa = PBXBuildFile; fileRef = BF4EBDDD18FD397A569B4933 /* Pods_Best_Buds.framework */; };
/* End PBXBuildFile section */

/* Begin PBXFileReference section */
		14C781E2886624F883A7659D /* Pods-Best Buds.release.xcconfig */ = {isa = PBXFileReference; includeInIndex = 1; lastKnownFileType = text.xcconfig; name = "Pods-Best Buds.release.xcconfig"; path = "Target Support Files/Pods-Best Buds/Pods-Best Buds.release.xcconfig"; sourceTree = "<group>"; };
		184B4B385B1CA74B68D91C80 /* Pods-Best Buds.debug.xcconfig */ = {isa = PBXFileReference; includeInIndex = 1; lastKnownFileType = text.xcconfig; name = "Pods-Best Buds.debug.xcconfig"; path = "Target Support Files/Pods-Best Buds/Pods-Best Buds.debug.xcconfig"; sourceTree = "<group>"; };
		8780635B249B055D0005306C /* SignUpViewController.swift */ = {isa = PBXFileReference; lastKnownFileType = sourcecode.swift; path = SignUpViewController.swift; sourceTree = "<group>"; };
		8780635D249B058C0005306C /* LoginViewController.swift */ = {isa = PBXFileReference; lastKnownFileType = sourcecode.swift; path = LoginViewController.swift; sourceTree = "<group>"; };
		8780635F249B05BA0005306C /* HomeViewController.swift */ = {isa = PBXFileReference; lastKnownFileType = sourcecode.swift; path = HomeViewController.swift; sourceTree = "<group>"; };
		87806364249B1C580005306C /* Utilities.swift */ = {isa = PBXFileReference; fileEncoding = 4; lastKnownFileType = sourcecode.swift; path = Utilities.swift; sourceTree = "<group>"; };
		87806367249BB3A50005306C /* ValidationUtilities.swift */ = {isa = PBXFileReference; lastKnownFileType = sourcecode.swift; path = ValidationUtilities.swift; sourceTree = "<group>"; };
		87806369249C5C650005306C /* GoogleService-Info.plist */ = {isa = PBXFileReference; fileEncoding = 4; lastKnownFileType = text.plist.xml; path = "GoogleService-Info.plist"; sourceTree = "<group>"; };
		87BB6A3E2497086500B20CF4 /* Best Buds.app */ = {isa = PBXFileReference; explicitFileType = wrapper.application; includeInIndex = 0; path = "Best Buds.app"; sourceTree = BUILT_PRODUCTS_DIR; };
		87BB6A412497086500B20CF4 /* AppDelegate.swift */ = {isa = PBXFileReference; lastKnownFileType = sourcecode.swift; path = AppDelegate.swift; sourceTree = "<group>"; };
		87BB6A432497086500B20CF4 /* SceneDelegate.swift */ = {isa = PBXFileReference; lastKnownFileType = sourcecode.swift; path = SceneDelegate.swift; sourceTree = "<group>"; };
		87BB6A452497086500B20CF4 /* ViewController.swift */ = {isa = PBXFileReference; lastKnownFileType = sourcecode.swift; path = ViewController.swift; sourceTree = "<group>"; };
		87BB6A482497086500B20CF4 /* Base */ = {isa = PBXFileReference; lastKnownFileType = file.storyboard; name = Base; path = Base.lproj/Main.storyboard; sourceTree = "<group>"; };
		87BB6A4D2497086900B20CF4 /* Base */ = {isa = PBXFileReference; lastKnownFileType = file.storyboard; name = Base; path = Base.lproj/LaunchScreen.storyboard; sourceTree = "<group>"; };
		87BB6A4F2497086900B20CF4 /* Info.plist */ = {isa = PBXFileReference; lastKnownFileType = text.plist.xml; path = Info.plist; sourceTree = "<group>"; };
		87BB6A5924971ABB00B20CF4 /* Assets.xcassets */ = {isa = PBXFileReference; lastKnownFileType = folder.assetcatalog; name = Assets.xcassets; path = "../../../../../Downloads/AppIcons (1)/Assets.xcassets"; sourceTree = "<group>"; };
		BF4EBDDD18FD397A569B4933 /* Pods_Best_Buds.framework */ = {isa = PBXFileReference; explicitFileType = wrapper.framework; includeInIndex = 0; path = Pods_Best_Buds.framework; sourceTree = BUILT_PRODUCTS_DIR; };
/* End PBXFileReference section */

/* Begin PBXFrameworksBuildPhase section */
		87BB6A3B2497086500B20CF4 /* Frameworks */ = {
			isa = PBXFrameworksBuildPhase;
			buildActionMask = 2147483647;
			files = (
				A2C3C88E7EE6ADC388DE2215 /* Pods_Best_Buds.framework in Frameworks */,
			);
			runOnlyForDeploymentPostprocessing = 0;
		};
/* End PBXFrameworksBuildPhase section */

/* Begin PBXGroup section */
		3DA60C9CD8F96BE1924F9527 /* Frameworks */ = {
			isa = PBXGroup;
			children = (
				BF4EBDDD18FD397A569B4933 /* Pods_Best_Buds.framework */,
			);
			name = Frameworks;
			sourceTree = "<group>";
		};
		87806361249B05D60005306C /* View Controllers */ = {
			isa = PBXGroup;
			children = (
				87BB6A452497086500B20CF4 /* ViewController.swift */,
				8780635D249B058C0005306C /* LoginViewController.swift */,
				8780635B249B055D0005306C /* SignUpViewController.swift */,
				8780635F249B05BA0005306C /* HomeViewController.swift */,
			);
			path = "View Controllers";
			sourceTree = "<group>";
		};
		87806366249B1C600005306C /* Utilities */ = {
			isa = PBXGroup;
			children = (
				87806364249B1C580005306C /* Utilities.swift */,
				87806367249BB3A50005306C /* ValidationUtilities.swift */,
			);
			path = Utilities;
			sourceTree = "<group>";
		};
		87BB6A352497086500B20CF4 = {
			isa = PBXGroup;
			children = (
				87BB6A402497086500B20CF4 /* Best Buds */,
				87BB6A3F2497086500B20CF4 /* Products */,
				B2969CDBE7A3DE1B0AB6E5C9 /* Pods */,
				3DA60C9CD8F96BE1924F9527 /* Frameworks */,
			);
			sourceTree = "<group>";
		};
		87BB6A3F2497086500B20CF4 /* Products */ = {
			isa = PBXGroup;
			children = (
				87BB6A3E2497086500B20CF4 /* Best Buds.app */,
			);
			name = Products;
			sourceTree = "<group>";
		};
		87BB6A402497086500B20CF4 /* Best Buds */ = {
			isa = PBXGroup;
			children = (
				87806366249B1C600005306C /* Utilities */,
				87806361249B05D60005306C /* View Controllers */,
				87BB6A5924971ABB00B20CF4 /* Assets.xcassets */,
				87BB6A412497086500B20CF4 /* AppDelegate.swift */,
				87BB6A432497086500B20CF4 /* SceneDelegate.swift */,
				87BB6A472497086500B20CF4 /* Main.storyboard */,
				87BB6A4C2497086900B20CF4 /* LaunchScreen.storyboard */,
				87806369249C5C650005306C /* GoogleService-Info.plist */,
				87BB6A4F2497086900B20CF4 /* Info.plist */,
			);
			path = "Best Buds";
			sourceTree = "<group>";
		};
		B2969CDBE7A3DE1B0AB6E5C9 /* Pods */ = {
			isa = PBXGroup;
			children = (
				184B4B385B1CA74B68D91C80 /* Pods-Best Buds.debug.xcconfig */,
				14C781E2886624F883A7659D /* Pods-Best Buds.release.xcconfig */,
			);
			path = Pods;
			sourceTree = "<group>";
		};
/* End PBXGroup section */

/* Begin PBXNativeTarget section */
		87BB6A3D2497086500B20CF4 /* Best Buds */ = {
			isa = PBXNativeTarget;
			buildConfigurationList = 87BB6A522497086900B20CF4 /* Build configuration list for PBXNativeTarget "Best Buds" */;
			buildPhases = (
				3BCC634A8B3217AED442E9C4 /* [CP] Check Pods Manifest.lock */,
				87BB6A3A2497086500B20CF4 /* Sources */,
				87BB6A3B2497086500B20CF4 /* Frameworks */,
				87BB6A3C2497086500B20CF4 /* Resources */,
				FF29D83580101AA7176AE53C /* [CP] Embed Pods Frameworks */,
			);
			buildRules = (
			);
			dependencies = (
			);
			name = "Best Buds";
			productName = "Best Buds";
			productReference = 87BB6A3E2497086500B20CF4 /* Best Buds.app */;
			productType = "com.apple.product-type.application";
		};
/* End PBXNativeTarget section */

/* Begin PBXProject section */
		87BB6A362497086500B20CF4 /* Project object */ = {
			isa = PBXProject;
			attributes = {
				LastSwiftUpdateCheck = 1150;
				LastUpgradeCheck = 1150;
				ORGANIZATIONNAME = "Ryan Pape";
				TargetAttributes = {
					87BB6A3D2497086500B20CF4 = {
						CreatedOnToolsVersion = 11.5;
					};
				};
			};
			buildConfigurationList = 87BB6A392497086500B20CF4 /* Build configuration list for PBXProject "Best Buds" */;
			compatibilityVersion = "Xcode 9.3";
			developmentRegion = en;
			hasScannedForEncodings = 0;
			knownRegions = (
				en,
				Base,
			);
			mainGroup = 87BB6A352497086500B20CF4;
			productRefGroup = 87BB6A3F2497086500B20CF4 /* Products */;
			projectDirPath = "";
			projectRoot = "";
			targets = (
				87BB6A3D2497086500B20CF4 /* Best Buds */,
			);
		};
/* End PBXProject section */

/* Begin PBXResourcesBuildPhase section */
		87BB6A3C2497086500B20CF4 /* Resources */ = {
			isa = PBXResourcesBuildPhase;
			buildActionMask = 2147483647;
			files = (
				87BB6A4E2497086900B20CF4 /* LaunchScreen.storyboard in Resources */,
				8780636A249C5C650005306C /* GoogleService-Info.plist in Resources */,
				87BB6A5A24971ABC00B20CF4 /* Assets.xcassets in Resources */,
				87BB6A492497086500B20CF4 /* Main.storyboard in Resources */,
			);
			runOnlyForDeploymentPostprocessing = 0;
		};
/* End PBXResourcesBuildPhase section */

/* Begin PBXShellScriptBuildPhase section */
		3BCC634A8B3217AED442E9C4 /* [CP] Check Pods Manifest.lock */ = {
			isa = PBXShellScriptBuildPhase;
			buildActionMask = 2147483647;
			files = (
			);
			inputFileListPaths = (
			);
			inputPaths = (
				"${PODS_PODFILE_DIR_PATH}/Podfile.lock",
				"${PODS_ROOT}/Manifest.lock",
			);
			name = "[CP] Check Pods Manifest.lock";
			outputFileListPaths = (
			);
			outputPaths = (
				"$(DERIVED_FILE_DIR)/Pods-Best Buds-checkManifestLockResult.txt",
			);
			runOnlyForDeploymentPostprocessing = 0;
			shellPath = /bin/sh;
			shellScript = "diff \"${PODS_PODFILE_DIR_PATH}/Podfile.lock\" \"${PODS_ROOT}/Manifest.lock\" > /dev/null\nif [ $? != 0 ] ; then\n    # print error to STDERR\n    echo \"error: The sandbox is not in sync with the Podfile.lock. Run 'pod install' or update your CocoaPods installation.\" >&2\n    exit 1\nfi\n# This output is used by Xcode 'outputs' to avoid re-running this script phase.\necho \"SUCCESS\" > \"${SCRIPT_OUTPUT_FILE_0}\"\n";
			showEnvVarsInLog = 0;
		};
		FF29D83580101AA7176AE53C /* [CP] Embed Pods Frameworks */ = {
			isa = PBXShellScriptBuildPhase;
			buildActionMask = 2147483647;
			files = (
			);
			inputFileListPaths = (
				"${PODS_ROOT}/Target Support Files/Pods-Best Buds/Pods-Best Buds-frameworks-${CONFIGURATION}-input-files.xcfilelist",
			);
			name = "[CP] Embed Pods Frameworks";
			outputFileListPaths = (
				"${PODS_ROOT}/Target Support Files/Pods-Best Buds/Pods-Best Buds-frameworks-${CONFIGURATION}-output-files.xcfilelist",
			);
			runOnlyForDeploymentPostprocessing = 0;
			shellPath = /bin/sh;
			shellScript = "\"${PODS_ROOT}/Target Support Files/Pods-Best Buds/Pods-Best Buds-frameworks.sh\"\n";
			showEnvVarsInLog = 0;
		};
/* End PBXShellScriptBuildPhase section */

/* Begin PBXSourcesBuildPhase section */
		87BB6A3A2497086500B20CF4 /* Sources */ = {
			isa = PBXSourcesBuildPhase;
			buildActionMask = 2147483647;
			files = (
				87BB6A462497086500B20CF4 /* ViewController.swift in Sources */,
				87806368249BB3A50005306C /* ValidationUtilities.swift in Sources */,
				87BB6A422497086500B20CF4 /* AppDelegate.swift in Sources */,
				87806365249B1C580005306C /* Utilities.swift in Sources */,
				8780635C249B055D0005306C /* SignUpViewController.swift in Sources */,
				8780635E249B058C0005306C /* LoginViewController.swift in Sources */,
				87BB6A442497086500B20CF4 /* SceneDelegate.swift in Sources */,
				87806360249B05BA0005306C /* HomeViewController.swift in Sources */,
			);
			runOnlyForDeploymentPostprocessing = 0;
		};
/* End PBXSourcesBuildPhase section */

/* Begin PBXVariantGroup section */
		87BB6A472497086500B20CF4 /* Main.storyboard */ = {
			isa = PBXVariantGroup;
			children = (
				87BB6A482497086500B20CF4 /* Base */,
			);
			name = Main.storyboard;
			sourceTree = "<group>";
		};
		87BB6A4C2497086900B20CF4 /* LaunchScreen.storyboard */ = {
			isa = PBXVariantGroup;
			children = (
				87BB6A4D2497086900B20CF4 /* Base */,
			);
			name = LaunchScreen.storyboard;
			sourceTree = "<group>";
		};
/* End PBXVariantGroup section */

/* Begin XCBuildConfiguration section */
		87BB6A502497086900B20CF4 /* Debug */ = {
			isa = XCBuildConfiguration;
			buildSettings = {
				ALWAYS_SEARCH_USER_PATHS = NO;
				CLANG_ANALYZER_NONNULL = YES;
				CLANG_ANALYZER_NUMBER_OBJECT_CONVERSION = YES_AGGRESSIVE;
				CLANG_CXX_LANGUAGE_STANDARD = "gnu++14";
				CLANG_CXX_LIBRARY = "libc++";
				CLANG_ENABLE_MODULES = YES;
				CLANG_ENABLE_OBJC_ARC = YES;
				CLANG_ENABLE_OBJC_WEAK = YES;
				CLANG_WARN_BLOCK_CAPTURE_AUTORELEASING = YES;
				CLANG_WARN_BOOL_CONVERSION = YES;
				CLANG_WARN_COMMA = YES;
				CLANG_WARN_CONSTANT_CONVERSION = YES;
				CLANG_WARN_DEPRECATED_OBJC_IMPLEMENTATIONS = YES;
				CLANG_WARN_DIRECT_OBJC_ISA_USAGE = YES_ERROR;
				CLANG_WARN_DOCUMENTATION_COMMENTS = YES;
				CLANG_WARN_EMPTY_BODY = YES;
				CLANG_WARN_ENUM_CONVERSION = YES;
				CLANG_WARN_INFINITE_RECURSION = YES;
				CLANG_WARN_INT_CONVERSION = YES;
				CLANG_WARN_NON_LITERAL_NULL_CONVERSION = YES;
				CLANG_WARN_OBJC_IMPLICIT_RETAIN_SELF = YES;
				CLANG_WARN_OBJC_LITERAL_CONVERSION = YES;
				CLANG_WARN_OBJC_ROOT_CLASS = YES_ERROR;
				CLANG_WARN_RANGE_LOOP_ANALYSIS = YES;
				CLANG_WARN_STRICT_PROTOTYPES = YES;
				CLANG_WARN_SUSPICIOUS_MOVE = YES;
				CLANG_WARN_UNGUARDED_AVAILABILITY = YES_AGGRESSIVE;
				CLANG_WARN_UNREACHABLE_CODE = YES;
				CLANG_WARN__DUPLICATE_METHOD_MATCH = YES;
				COPY_PHASE_STRIP = NO;
				DEBUG_INFORMATION_FORMAT = dwarf;
				ENABLE_STRICT_OBJC_MSGSEND = YES;
				ENABLE_TESTABILITY = YES;
				GCC_C_LANGUAGE_STANDARD = gnu11;
				GCC_DYNAMIC_NO_PIC = NO;
				GCC_NO_COMMON_BLOCKS = YES;
				GCC_OPTIMIZATION_LEVEL = 0;
				GCC_PREPROCESSOR_DEFINITIONS = (
					"DEBUG=1",
					"$(inherited)",
				);
				GCC_WARN_64_TO_32_BIT_CONVERSION = YES;
				GCC_WARN_ABOUT_RETURN_TYPE = YES_ERROR;
				GCC_WARN_UNDECLARED_SELECTOR = YES;
				GCC_WARN_UNINITIALIZED_AUTOS = YES_AGGRESSIVE;
				GCC_WARN_UNUSED_FUNCTION = YES;
				GCC_WARN_UNUSED_VARIABLE = YES;
				IPHONEOS_DEPLOYMENT_TARGET = 13.5;
				MTL_ENABLE_DEBUG_INFO = INCLUDE_SOURCE;
				MTL_FAST_MATH = YES;
				ONLY_ACTIVE_ARCH = YES;
				SDKROOT = iphoneos;
				SWIFT_ACTIVE_COMPILATION_CONDITIONS = DEBUG;
				SWIFT_OPTIMIZATION_LEVEL = "-Onone";
			};
			name = Debug;
		};
		87BB6A512497086900B20CF4 /* Release */ = {
			isa = XCBuildConfiguration;
			buildSettings = {
				ALWAYS_SEARCH_USER_PATHS = NO;
				CLANG_ANALYZER_NONNULL = YES;
				CLANG_ANALYZER_NUMBER_OBJECT_CONVERSION = YES_AGGRESSIVE;
				CLANG_CXX_LANGUAGE_STANDARD = "gnu++14";
				CLANG_CXX_LIBRARY = "libc++";
				CLANG_ENABLE_MODULES = YES;
				CLANG_ENABLE_OBJC_ARC = YES;
				CLANG_ENABLE_OBJC_WEAK = YES;
				CLANG_WARN_BLOCK_CAPTURE_AUTORELEASING = YES;
				CLANG_WARN_BOOL_CONVERSION = YES;
				CLANG_WARN_COMMA = YES;
				CLANG_WARN_CONSTANT_CONVERSION = YES;
				CLANG_WARN_DEPRECATED_OBJC_IMPLEMENTATIONS = YES;
				CLANG_WARN_DIRECT_OBJC_ISA_USAGE = YES_ERROR;
				CLANG_WARN_DOCUMENTATION_COMMENTS = YES;
				CLANG_WARN_EMPTY_BODY = YES;
				CLANG_WARN_ENUM_CONVERSION = YES;
				CLANG_WARN_INFINITE_RECURSION = YES;
				CLANG_WARN_INT_CONVERSION = YES;
				CLANG_WARN_NON_LITERAL_NULL_CONVERSION = YES;
				CLANG_WARN_OBJC_IMPLICIT_RETAIN_SELF = YES;
				CLANG_WARN_OBJC_LITERAL_CONVERSION = YES;
				CLANG_WARN_OBJC_ROOT_CLASS = YES_ERROR;
				CLANG_WARN_RANGE_LOOP_ANALYSIS = YES;
				CLANG_WARN_STRICT_PROTOTYPES = YES;
				CLANG_WARN_SUSPICIOUS_MOVE = YES;
				CLANG_WARN_UNGUARDED_AVAILABILITY = YES_AGGRESSIVE;
				CLANG_WARN_UNREACHABLE_CODE = YES;
				CLANG_WARN__DUPLICATE_METHOD_MATCH = YES;
				COPY_PHASE_STRIP = NO;
				DEBUG_INFORMATION_FORMAT = "dwarf-with-dsym";
				ENABLE_NS_ASSERTIONS = NO;
				ENABLE_STRICT_OBJC_MSGSEND = YES;
				GCC_C_LANGUAGE_STANDARD = gnu11;
				GCC_NO_COMMON_BLOCKS = YES;
				GCC_WARN_64_TO_32_BIT_CONVERSION = YES;
				GCC_WARN_ABOUT_RETURN_TYPE = YES_ERROR;
				GCC_WARN_UNDECLARED_SELECTOR = YES;
				GCC_WARN_UNINITIALIZED_AUTOS = YES_AGGRESSIVE;
				GCC_WARN_UNUSED_FUNCTION = YES;
				GCC_WARN_UNUSED_VARIABLE = YES;
				IPHONEOS_DEPLOYMENT_TARGET = 13.5;
				MTL_ENABLE_DEBUG_INFO = NO;
				MTL_FAST_MATH = YES;
				SDKROOT = iphoneos;
				SWIFT_COMPILATION_MODE = wholemodule;
				SWIFT_OPTIMIZATION_LEVEL = "-O";
				VALIDATE_PRODUCT = YES;
			};
			name = Release;
		};
		87BB6A532497086900B20CF4 /* Debug */ = {
			isa = XCBuildConfiguration;
			baseConfigurationReference = 184B4B385B1CA74B68D91C80 /* Pods-Best Buds.debug.xcconfig */;
			buildSettings = {
				ASSETCATALOG_COMPILER_APPICON_NAME = AppIcon;
				CODE_SIGN_STYLE = Automatic;
				DEVELOPMENT_TEAM = SU73W5HML4;
				INFOPLIST_FILE = "Best Buds/Info.plist";
				LD_RUNPATH_SEARCH_PATHS = (
					"$(inherited)",
					"@executable_path/Frameworks",
				);
				PRODUCT_BUNDLE_IDENTIFIER = "com.ryanpape.Best-Buds";
				PRODUCT_NAME = "$(TARGET_NAME)";
				SWIFT_VERSION = 5.0;
				TARGETED_DEVICE_FAMILY = "1,2";
			};
			name = Debug;
		};
		87BB6A542497086900B20CF4 /* Release */ = {
			isa = XCBuildConfiguration;
			baseConfigurationReference = 14C781E2886624F883A7659D /* Pods-Best Buds.release.xcconfig */;
			buildSettings = {
				ASSETCATALOG_COMPILER_APPICON_NAME = AppIcon;
				CODE_SIGN_STYLE = Automatic;
				DEVELOPMENT_TEAM = SU73W5HML4;
				INFOPLIST_FILE = "Best Buds/Info.plist";
				LD_RUNPATH_SEARCH_PATHS = (
					"$(inherited)",
					"@executable_path/Frameworks",
				);
				PRODUCT_BUNDLE_IDENTIFIER = "com.ryanpape.Best-Buds";
				PRODUCT_NAME = "$(TARGET_NAME)";
				SWIFT_VERSION = 5.0;
				TARGETED_DEVICE_FAMILY = "1,2";
			};
			name = Release;
		};
/* End XCBuildConfiguration section */

/* Begin XCConfigurationList section */
		87BB6A392497086500B20CF4 /* Build configuration list for PBXProject "Best Buds" */ = {
			isa = XCConfigurationList;
			buildConfigurations = (
				87BB6A502497086900B20CF4 /* Debug */,
				87BB6A512497086900B20CF4 /* Release */,
			);
			defaultConfigurationIsVisible = 0;
			defaultConfigurationName = Release;
		};
		87BB6A522497086900B20CF4 /* Build configuration list for PBXNativeTarget "Best Buds" */ = {
			isa = XCConfigurationList;
			buildConfigurations = (
				87BB6A532497086900B20CF4 /* Debug */,
				87BB6A542497086900B20CF4 /* Release */,
			);
			defaultConfigurationIsVisible = 0;
			defaultConfigurationName = Release;
		};
/* End XCConfigurationList section */
	};
	rootObject = 87BB6A362497086500B20CF4 /* Project object */;
}
